// !$*UTF8*$!
{
	archiveVersion = 1;
	classes = {
	};
	objectVersion = 51;
	objects = {

/* Begin PBXBuildFile section */
		3B6B41C42426F65500C7F5AC /* AppDelegate.swift in Sources */ = {isa = PBXBuildFile; fileRef = 3B6B41C32426F65500C7F5AC /* AppDelegate.swift */; };
		3B6B41C62426F65500C7F5AC /* SceneDelegate.swift in Sources */ = {isa = PBXBuildFile; fileRef = 3B6B41C52426F65500C7F5AC /* SceneDelegate.swift */; };
		3B6B41C82426F65500C7F5AC /* ViewController.swift in Sources */ = {isa = PBXBuildFile; fileRef = 3B6B41C72426F65500C7F5AC /* ViewController.swift */; };
		3B6B41CB2426F65500C7F5AC /* Main.storyboard in Resources */ = {isa = PBXBuildFile; fileRef = 3B6B41C92426F65500C7F5AC /* Main.storyboard */; };
		3B6B41CD2426F65700C7F5AC /* Assets.xcassets in Resources */ = {isa = PBXBuildFile; fileRef = 3B6B41CC2426F65700C7F5AC /* Assets.xcassets */; };
		3B6B41D02426F65700C7F5AC /* LaunchScreen.storyboard in Resources */ = {isa = PBXBuildFile; fileRef = 3B6B41CE2426F65700C7F5AC /* LaunchScreen.storyboard */; };
		3B6B41E72426FAEE00C7F5AC /* ServiceType.swift in Sources */ = {isa = PBXBuildFile; fileRef = 3B6B41E62426FAEE00C7F5AC /* ServiceType.swift */; };
		3B6B41EA2426FC1700C7F5AC /* Resource.swift in Sources */ = {isa = PBXBuildFile; fileRef = 3B6B41E92426FC1700C7F5AC /* Resource.swift */; };
		3B6B41ED2426FFD000C7F5AC /* Route.swift in Sources */ = {isa = PBXBuildFile; fileRef = 3B6B41EC2426FFD000C7F5AC /* Route.swift */; };
		3B6B41F02427005000C7F5AC /* APIError.swift in Sources */ = {isa = PBXBuildFile; fileRef = 3B6B41EF2427005000C7F5AC /* APIError.swift */; };
		3B6B41F2242700B900C7F5AC /* Service.swift in Sources */ = {isa = PBXBuildFile; fileRef = 3B6B41F1242700B900C7F5AC /* Service.swift */; };
		3B6B41F52427043D00C7F5AC /* Constants.swift in Sources */ = {isa = PBXBuildFile; fileRef = 3B6B41F42427043D00C7F5AC /* Constants.swift */; };
		3B6B41F82427051D00C7F5AC /* Publisher+Utils.swift in Sources */ = {isa = PBXBuildFile; fileRef = 3B6B41F72427051D00C7F5AC /* Publisher+Utils.swift */; };
		3B6B41FD242705F600C7F5AC /* JokesService.swift in Sources */ = {isa = PBXBuildFile; fileRef = 3B6B41FC242705F600C7F5AC /* JokesService.swift */; };
		3B6B42002427068900C7F5AC /* Joke.swift in Sources */ = {isa = PBXBuildFile; fileRef = 3B6B41FF2427068900C7F5AC /* Joke.swift */; };
		3B6B420324270A1000C7F5AC /* JokesViewModel.swift in Sources */ = {isa = PBXBuildFile; fileRef = 3B6B420224270A1000C7F5AC /* JokesViewModel.swift */; };
		3B734B4D250D832D00FA5F77 /* JokesView.swift in Sources */ = {isa = PBXBuildFile; fileRef = 3B734B4C250D832D00FA5F77 /* JokesView.swift */; };
		3B734B50250E6FB800FA5F77 /* Colors.swift in Sources */ = {isa = PBXBuildFile; fileRef = 3B734B4F250E6FB800FA5F77 /* Colors.swift */; };
		3B734B552512D32A00FA5F77 /* MockJokesServices.swift in Sources */ = {isa = PBXBuildFile; fileRef = 3B734B542512D32A00FA5F77 /* MockJokesServices.swift */; };
		8613265B2550CA49006EC3BD /* JokesViewModelTests.swift in Sources */ = {isa = PBXBuildFile; fileRef = 3B734B512512D15D00FA5F77 /* JokesViewModelTests.swift */; };
		86CEC4B4254B4062007D3025 /* Result+Utils.swift in Sources */ = {isa = PBXBuildFile; fileRef = 86CEC4B3254B4062007D3025 /* Result+Utils.swift */; };
		D7303DD57D743A97ACF863AA /* Pods_BadJokes.framework in Frameworks */ = {isa = PBXBuildFile; fileRef = 9EA3BF69F895602084C9D90A /* Pods_BadJokes.framework */; };
/* End PBXBuildFile section */

/* Begin PBXContainerItemProxy section */
		3B6B41D72426F65800C7F5AC /* PBXContainerItemProxy */ = {
			isa = PBXContainerItemProxy;
			containerPortal = 3B6B41B82426F65500C7F5AC /* Project object */;
			proxyType = 1;
			remoteGlobalIDString = 3B6B41BF2426F65500C7F5AC;
			remoteInfo = BadJokes;
		};
/* End PBXContainerItemProxy section */

/* Begin PBXFileReference section */
		3B6B41C02426F65500C7F5AC /* BadJokes.app */ = {isa = PBXFileReference; explicitFileType = wrapper.application; includeInIndex = 0; path = BadJokes.app; sourceTree = BUILT_PRODUCTS_DIR; };
		3B6B41C32426F65500C7F5AC /* AppDelegate.swift */ = {isa = PBXFileReference; lastKnownFileType = sourcecode.swift; path = AppDelegate.swift; sourceTree = "<group>"; };
		3B6B41C52426F65500C7F5AC /* SceneDelegate.swift */ = {isa = PBXFileReference; lastKnownFileType = sourcecode.swift; path = SceneDelegate.swift; sourceTree = "<group>"; };
		3B6B41C72426F65500C7F5AC /* ViewController.swift */ = {isa = PBXFileReference; lastKnownFileType = sourcecode.swift; path = ViewController.swift; sourceTree = "<group>"; };
		3B6B41CA2426F65500C7F5AC /* Base */ = {isa = PBXFileReference; lastKnownFileType = file.storyboard; name = Base; path = Base.lproj/Main.storyboard; sourceTree = "<group>"; };
		3B6B41CC2426F65700C7F5AC /* Assets.xcassets */ = {isa = PBXFileReference; lastKnownFileType = folder.assetcatalog; path = Assets.xcassets; sourceTree = "<group>"; };
		3B6B41CF2426F65700C7F5AC /* Base */ = {isa = PBXFileReference; lastKnownFileType = file.storyboard; name = Base; path = Base.lproj/LaunchScreen.storyboard; sourceTree = "<group>"; };
		3B6B41D12426F65700C7F5AC /* Info.plist */ = {isa = PBXFileReference; lastKnownFileType = text.plist.xml; path = Info.plist; sourceTree = "<group>"; };
		3B6B41D62426F65800C7F5AC /* BadJokesTests.xctest */ = {isa = PBXFileReference; explicitFileType = wrapper.cfbundle; includeInIndex = 0; path = BadJokesTests.xctest; sourceTree = BUILT_PRODUCTS_DIR; };
		3B6B41DC2426F65800C7F5AC /* Info.plist */ = {isa = PBXFileReference; lastKnownFileType = text.plist.xml; path = Info.plist; sourceTree = "<group>"; };
		3B6B41E62426FAEE00C7F5AC /* ServiceType.swift */ = {isa = PBXFileReference; lastKnownFileType = sourcecode.swift; path = ServiceType.swift; sourceTree = "<group>"; };
		3B6B41E92426FC1700C7F5AC /* Resource.swift */ = {isa = PBXFileReference; lastKnownFileType = sourcecode.swift; path = Resource.swift; sourceTree = "<group>"; };
		3B6B41EC2426FFD000C7F5AC /* Route.swift */ = {isa = PBXFileReference; lastKnownFileType = sourcecode.swift; path = Route.swift; sourceTree = "<group>"; };
		3B6B41EF2427005000C7F5AC /* APIError.swift */ = {isa = PBXFileReference; lastKnownFileType = sourcecode.swift; path = APIError.swift; sourceTree = "<group>"; };
		3B6B41F1242700B900C7F5AC /* Service.swift */ = {isa = PBXFileReference; lastKnownFileType = sourcecode.swift; path = Service.swift; sourceTree = "<group>"; };
		3B6B41F42427043D00C7F5AC /* Constants.swift */ = {isa = PBXFileReference; lastKnownFileType = sourcecode.swift; path = Constants.swift; sourceTree = "<group>"; };
		3B6B41F72427051D00C7F5AC /* Publisher+Utils.swift */ = {isa = PBXFileReference; lastKnownFileType = sourcecode.swift; path = "Publisher+Utils.swift"; sourceTree = "<group>"; };
		3B6B41FC242705F600C7F5AC /* JokesService.swift */ = {isa = PBXFileReference; lastKnownFileType = sourcecode.swift; path = JokesService.swift; sourceTree = "<group>"; };
		3B6B41FF2427068900C7F5AC /* Joke.swift */ = {isa = PBXFileReference; lastKnownFileType = sourcecode.swift; path = Joke.swift; sourceTree = "<group>"; };
		3B6B420224270A1000C7F5AC /* JokesViewModel.swift */ = {isa = PBXFileReference; lastKnownFileType = sourcecode.swift; path = JokesViewModel.swift; sourceTree = "<group>"; };
		3B734B4C250D832D00FA5F77 /* JokesView.swift */ = {isa = PBXFileReference; lastKnownFileType = sourcecode.swift; path = JokesView.swift; sourceTree = "<group>"; };
		3B734B4F250E6FB800FA5F77 /* Colors.swift */ = {isa = PBXFileReference; lastKnownFileType = sourcecode.swift; path = Colors.swift; sourceTree = "<group>"; };
		3B734B512512D15D00FA5F77 /* JokesViewModelTests.swift */ = {isa = PBXFileReference; lastKnownFileType = sourcecode.swift; path = JokesViewModelTests.swift; sourceTree = "<group>"; };
		3B734B542512D32A00FA5F77 /* MockJokesServices.swift */ = {isa = PBXFileReference; lastKnownFileType = sourcecode.swift; path = MockJokesServices.swift; sourceTree = "<group>"; };
		86CEC4B3254B4062007D3025 /* Result+Utils.swift */ = {isa = PBXFileReference; lastKnownFileType = sourcecode.swift; path = "Result+Utils.swift"; sourceTree = "<group>"; };
		9EA3BF69F895602084C9D90A /* Pods_BadJokes.framework */ = {isa = PBXFileReference; explicitFileType = wrapper.framework; includeInIndex = 0; path = Pods_BadJokes.framework; sourceTree = BUILT_PRODUCTS_DIR; };
		E692CCD87CE5AC205A0B3036 /* Pods-BadJokes.release.xcconfig */ = {isa = PBXFileReference; includeInIndex = 1; lastKnownFileType = text.xcconfig; name = "Pods-BadJokes.release.xcconfig"; path = "Target Support Files/Pods-BadJokes/Pods-BadJokes.release.xcconfig"; sourceTree = "<group>"; };
		EA46645201D56518E81BFE1D /* Pods-BadJokes.debug.xcconfig */ = {isa = PBXFileReference; includeInIndex = 1; lastKnownFileType = text.xcconfig; name = "Pods-BadJokes.debug.xcconfig"; path = "Target Support Files/Pods-BadJokes/Pods-BadJokes.debug.xcconfig"; sourceTree = "<group>"; };
/* End PBXFileReference section */

/* Begin PBXFrameworksBuildPhase section */
		3B6B41BD2426F65500C7F5AC /* Frameworks */ = {
			isa = PBXFrameworksBuildPhase;
			buildActionMask = 2147483647;
			files = (
				D7303DD57D743A97ACF863AA /* Pods_BadJokes.framework in Frameworks */,
			);
			runOnlyForDeploymentPostprocessing = 0;
		};
		3B6B41D32426F65800C7F5AC /* Frameworks */ = {
			isa = PBXFrameworksBuildPhase;
			buildActionMask = 2147483647;
			files = (
			);
			runOnlyForDeploymentPostprocessing = 0;
		};
/* End PBXFrameworksBuildPhase section */

/* Begin PBXGroup section */
		1B2495193E9A7E2D16D50BE5 /* Pods */ = {
			isa = PBXGroup;
			children = (
				EA46645201D56518E81BFE1D /* Pods-BadJokes.debug.xcconfig */,
				E692CCD87CE5AC205A0B3036 /* Pods-BadJokes.release.xcconfig */,
			);
			path = Pods;
			sourceTree = "<group>";
		};
		3B67218D250D497700444992 /* Views */ = {
			isa = PBXGroup;
			children = (
				3B734B4C250D832D00FA5F77 /* JokesView.swift */,
			);
			path = Views;
			sourceTree = "<group>";
		};
		3B6B41B72426F65500C7F5AC = {
			isa = PBXGroup;
			children = (
				3B6B41C22426F65500C7F5AC /* BadJokes */,
				3B6B41D92426F65800C7F5AC /* BadJokesTests */,
				3B6B41C12426F65500C7F5AC /* Products */,
				6E04EADF065525977354BB17 /* Frameworks */,
				1B2495193E9A7E2D16D50BE5 /* Pods */,
			);
			sourceTree = "<group>";
		};
		3B6B41C12426F65500C7F5AC /* Products */ = {
			isa = PBXGroup;
			children = (
				3B6B41C02426F65500C7F5AC /* BadJokes.app */,
				3B6B41D62426F65800C7F5AC /* BadJokesTests.xctest */,
			);
			name = Products;
			sourceTree = "<group>";
		};
		3B6B41C22426F65500C7F5AC /* BadJokes */ = {
			isa = PBXGroup;
			children = (
				3B6B41D12426F65700C7F5AC /* Info.plist */,
				3B6B41C32426F65500C7F5AC /* AppDelegate.swift */,
				3B6B41C52426F65500C7F5AC /* SceneDelegate.swift */,
				3B6B41CC2426F65700C7F5AC /* Assets.xcassets */,
				3B6B41F92427055400C7F5AC /* API */,
				3B734B4E250E6FA900FA5F77 /* UI */,
				3B6B4204242839C500C7F5AC /* Controllers */,
				3B6B41F62427050C00C7F5AC /* Extensions */,
				3B6B41FE2427067F00C7F5AC /* Models */,
				3B6B41FA242705B100C7F5AC /* Services */,
				3B6B4205242839DD00C7F5AC /* Storyboards */,
				3B6B4201242709C800C7F5AC /* ViewModel */,
			);
			path = BadJokes;
			sourceTree = "<group>";
		};
		3B6B41D92426F65800C7F5AC /* BadJokesTests */ = {
			isa = PBXGroup;
			children = (
				3B734B532512D31900FA5F77 /* MockServices */,
				3B6B41DC2426F65800C7F5AC /* Info.plist */,
			);
			path = BadJokesTests;
			sourceTree = "<group>";
		};
		3B6B41E52426FAB200C7F5AC /* Service */ = {
			isa = PBXGroup;
			children = (
				3B6B41E62426FAEE00C7F5AC /* ServiceType.swift */,
				3B6B41F1242700B900C7F5AC /* Service.swift */,
			);
			path = Service;
			sourceTree = "<group>";
		};
		3B6B41E82426FC0900C7F5AC /* Resource */ = {
			isa = PBXGroup;
			children = (
				3B6B41E92426FC1700C7F5AC /* Resource.swift */,
			);
			path = Resource;
			sourceTree = "<group>";
		};
		3B6B41EB2426FFBD00C7F5AC /* Route */ = {
			isa = PBXGroup;
			children = (
				3B6B41EC2426FFD000C7F5AC /* Route.swift */,
			);
			path = Route;
			sourceTree = "<group>";
		};
		3B6B41EE2427002600C7F5AC /* Error */ = {
			isa = PBXGroup;
			children = (
				3B6B41EF2427005000C7F5AC /* APIError.swift */,
			);
			path = Error;
			sourceTree = "<group>";
		};
		3B6B41F32427042500C7F5AC /* APIConstants */ = {
			isa = PBXGroup;
			children = (
				3B6B41F42427043D00C7F5AC /* Constants.swift */,
			);
			path = APIConstants;
			sourceTree = "<group>";
		};
		3B6B41F62427050C00C7F5AC /* Extensions */ = {
			isa = PBXGroup;
			children = (
				3B6B41F72427051D00C7F5AC /* Publisher+Utils.swift */,
				86CEC4B3254B4062007D3025 /* Result+Utils.swift */,
			);
			path = Extensions;
			sourceTree = "<group>";
		};
		3B6B41F92427055400C7F5AC /* API */ = {
			isa = PBXGroup;
			children = (
				3B6B41F32427042500C7F5AC /* APIConstants */,
				3B6B41EE2427002600C7F5AC /* Error */,
				3B6B41E82426FC0900C7F5AC /* Resource */,
				3B6B41EB2426FFBD00C7F5AC /* Route */,
				3B6B41E52426FAB200C7F5AC /* Service */,
			);
			path = API;
			sourceTree = "<group>";
		};
		3B6B41FA242705B100C7F5AC /* Services */ = {
			isa = PBXGroup;
			children = (
				3B6B41FB242705E600C7F5AC /* JokesService */,
			);
			path = Services;
			sourceTree = "<group>";
		};
		3B6B41FB242705E600C7F5AC /* JokesService */ = {
			isa = PBXGroup;
			children = (
				3B6B41FC242705F600C7F5AC /* JokesService.swift */,
			);
			path = JokesService;
			sourceTree = "<group>";
		};
		3B6B41FE2427067F00C7F5AC /* Models */ = {
			isa = PBXGroup;
			children = (
				3B6B41FF2427068900C7F5AC /* Joke.swift */,
			);
			path = Models;
			sourceTree = "<group>";
		};
		3B6B4201242709C800C7F5AC /* ViewModel */ = {
			isa = PBXGroup;
			children = (
				3B6B420224270A1000C7F5AC /* JokesViewModel.swift */,
				3B734B512512D15D00FA5F77 /* JokesViewModelTests.swift */,
			);
			path = ViewModel;
			sourceTree = "<group>";
		};
		3B6B4204242839C500C7F5AC /* Controllers */ = {
			isa = PBXGroup;
			children = (
				3B67218D250D497700444992 /* Views */,
				3B6B41C72426F65500C7F5AC /* ViewController.swift */,
			);
			path = Controllers;
			sourceTree = "<group>";
		};
		3B6B4205242839DD00C7F5AC /* Storyboards */ = {
			isa = PBXGroup;
			children = (
				3B6B41CE2426F65700C7F5AC /* LaunchScreen.storyboard */,
				3B6B41C92426F65500C7F5AC /* Main.storyboard */,
			);
			path = Storyboards;
			sourceTree = "<group>";
		};
		3B734B4E250E6FA900FA5F77 /* UI */ = {
			isa = PBXGroup;
			children = (
				3B734B4F250E6FB800FA5F77 /* Colors.swift */,
			);
			path = UI;
			sourceTree = "<group>";
		};
		3B734B532512D31900FA5F77 /* MockServices */ = {
			isa = PBXGroup;
			children = (
				3B734B542512D32A00FA5F77 /* MockJokesServices.swift */,
			);
			path = MockServices;
			sourceTree = "<group>";
		};
		6E04EADF065525977354BB17 /* Frameworks */ = {
			isa = PBXGroup;
			children = (
				9EA3BF69F895602084C9D90A /* Pods_BadJokes.framework */,
			);
			name = Frameworks;
			sourceTree = "<group>";
		};
/* End PBXGroup section */

/* Begin PBXNativeTarget section */
		3B6B41BF2426F65500C7F5AC /* BadJokes */ = {
			isa = PBXNativeTarget;
			buildConfigurationList = 3B6B41DF2426F65800C7F5AC /* Build configuration list for PBXNativeTarget "BadJokes" */;
			buildPhases = (
				B83022B15745BFD34C6FA9B0 /* [CP] Check Pods Manifest.lock */,
				3B6B41BC2426F65500C7F5AC /* Sources */,
				3B6B41BD2426F65500C7F5AC /* Frameworks */,
				3B6B41BE2426F65500C7F5AC /* Resources */,
				9D5B67C7F5100712ABE841F2 /* [CP] Embed Pods Frameworks */,
			);
			buildRules = (
			);
			dependencies = (
			);
			name = BadJokes;
			productName = BadJokes;
			productReference = 3B6B41C02426F65500C7F5AC /* BadJokes.app */;
			productType = "com.apple.product-type.application";
		};
		3B6B41D52426F65800C7F5AC /* BadJokesTests */ = {
			isa = PBXNativeTarget;
			buildConfigurationList = 3B6B41E22426F65800C7F5AC /* Build configuration list for PBXNativeTarget "BadJokesTests" */;
			buildPhases = (
				3B6B41D22426F65800C7F5AC /* Sources */,
				3B6B41D32426F65800C7F5AC /* Frameworks */,
				3B6B41D42426F65800C7F5AC /* Resources */,
			);
			buildRules = (
			);
			dependencies = (
				3B6B41D82426F65800C7F5AC /* PBXTargetDependency */,
			);
			name = BadJokesTests;
			productName = BadJokesTests;
			productReference = 3B6B41D62426F65800C7F5AC /* BadJokesTests.xctest */;
			productType = "com.apple.product-type.bundle.unit-test";
		};
/* End PBXNativeTarget section */

/* Begin PBXProject section */
		3B6B41B82426F65500C7F5AC /* Project object */ = {
			isa = PBXProject;
			attributes = {
				LastSwiftUpdateCheck = 1120;
				LastUpgradeCheck = 1120;
				ORGANIZATIONNAME = Saturnino;
				TargetAttributes = {
					3B6B41BF2426F65500C7F5AC = {
						CreatedOnToolsVersion = 11.2.1;
					};
					3B6B41D52426F65800C7F5AC = {
						CreatedOnToolsVersion = 11.2.1;
						TestTargetID = 3B6B41BF2426F65500C7F5AC;
					};
				};
			};
			buildConfigurationList = 3B6B41BB2426F65500C7F5AC /* Build configuration list for PBXProject "BadJokes" */;
			compatibilityVersion = "Xcode 9.3";
			developmentRegion = en;
			hasScannedForEncodings = 0;
			knownRegions = (
				en,
				Base,
			);
			mainGroup = 3B6B41B72426F65500C7F5AC;
			productRefGroup = 3B6B41C12426F65500C7F5AC /* Products */;
			projectDirPath = "";
			projectRoot = "";
			targets = (
				3B6B41BF2426F65500C7F5AC /* BadJokes */,
				3B6B41D52426F65800C7F5AC /* BadJokesTests */,
			);
		};
/* End PBXProject section */

/* Begin PBXResourcesBuildPhase section */
		3B6B41BE2426F65500C7F5AC /* Resources */ = {
			isa = PBXResourcesBuildPhase;
			buildActionMask = 2147483647;
			files = (
				3B6B41D02426F65700C7F5AC /* LaunchScreen.storyboard in Resources */,
				3B6B41CD2426F65700C7F5AC /* Assets.xcassets in Resources */,
				3B6B41CB2426F65500C7F5AC /* Main.storyboard in Resources */,
			);
			runOnlyForDeploymentPostprocessing = 0;
		};
		3B6B41D42426F65800C7F5AC /* Resources */ = {
			isa = PBXResourcesBuildPhase;
			buildActionMask = 2147483647;
			files = (
			);
			runOnlyForDeploymentPostprocessing = 0;
		};
/* End PBXResourcesBuildPhase section */

/* Begin PBXShellScriptBuildPhase section */
		9D5B67C7F5100712ABE841F2 /* [CP] Embed Pods Frameworks */ = {
			isa = PBXShellScriptBuildPhase;
			buildActionMask = 2147483647;
			files = (
			);
			inputFileListPaths = (
				"${PODS_ROOT}/Target Support Files/Pods-BadJokes/Pods-BadJokes-frameworks-${CONFIGURATION}-input-files.xcfilelist",
			);
			name = "[CP] Embed Pods Frameworks";
			outputFileListPaths = (
				"${PODS_ROOT}/Target Support Files/Pods-BadJokes/Pods-BadJokes-frameworks-${CONFIGURATION}-output-files.xcfilelist",
			);
			runOnlyForDeploymentPostprocessing = 0;
			shellPath = /bin/sh;
			shellScript = "\"${PODS_ROOT}/Target Support Files/Pods-BadJokes/Pods-BadJokes-frameworks.sh\"\n";
			showEnvVarsInLog = 0;
		};
		B83022B15745BFD34C6FA9B0 /* [CP] Check Pods Manifest.lock */ = {
			isa = PBXShellScriptBuildPhase;
			buildActionMask = 2147483647;
			files = (
			);
			inputFileListPaths = (
			);
			inputPaths = (
				"${PODS_PODFILE_DIR_PATH}/Podfile.lock",
				"${PODS_ROOT}/Manifest.lock",
			);
			name = "[CP] Check Pods Manifest.lock";
			outputFileListPaths = (
			);
			outputPaths = (
				"$(DERIVED_FILE_DIR)/Pods-BadJokes-checkManifestLockResult.txt",
			);
			runOnlyForDeploymentPostprocessing = 0;
			shellPath = /bin/sh;
			shellScript = "diff \"${PODS_PODFILE_DIR_PATH}/Podfile.lock\" \"${PODS_ROOT}/Manifest.lock\" > /dev/null\nif [ $? != 0 ] ; then\n    # print error to STDERR\n    echo \"error: The sandbox is not in sync with the Podfile.lock. Run 'pod install' or update your CocoaPods installation.\" >&2\n    exit 1\nfi\n# This output is used by Xcode 'outputs' to avoid re-running this script phase.\necho \"SUCCESS\" > \"${SCRIPT_OUTPUT_FILE_0}\"\n";
			showEnvVarsInLog = 0;
		};
/* End PBXShellScriptBuildPhase section */

/* Begin PBXSourcesBuildPhase section */
		3B6B41BC2426F65500C7F5AC /* Sources */ = {
			isa = PBXSourcesBuildPhase;
			buildActionMask = 2147483647;
			files = (
				3B6B41C82426F65500C7F5AC /* ViewController.swift in Sources */,
				3B734B50250E6FB800FA5F77 /* Colors.swift in Sources */,
				3B6B41F2242700B900C7F5AC /* Service.swift in Sources */,
				3B6B42002427068900C7F5AC /* Joke.swift in Sources */,
				3B6B41F82427051D00C7F5AC /* Publisher+Utils.swift in Sources */,
				3B6B41F02427005000C7F5AC /* APIError.swift in Sources */,
				3B6B41C42426F65500C7F5AC /* AppDelegate.swift in Sources */,
				3B6B41C62426F65500C7F5AC /* SceneDelegate.swift in Sources */,
				86CEC4B4254B4062007D3025 /* Result+Utils.swift in Sources */,
				3B6B420324270A1000C7F5AC /* JokesViewModel.swift in Sources */,
				3B6B41ED2426FFD000C7F5AC /* Route.swift in Sources */,
				3B6B41FD242705F600C7F5AC /* JokesService.swift in Sources */,
				3B6B41EA2426FC1700C7F5AC /* Resource.swift in Sources */,
				3B734B4D250D832D00FA5F77 /* JokesView.swift in Sources */,
				3B6B41E72426FAEE00C7F5AC /* ServiceType.swift in Sources */,
				3B6B41F52427043D00C7F5AC /* Constants.swift in Sources */,
			);
			runOnlyForDeploymentPostprocessing = 0;
		};
		3B6B41D22426F65800C7F5AC /* Sources */ = {
			isa = PBXSourcesBuildPhase;
			buildActionMask = 2147483647;
			files = (
				3B734B552512D32A00FA5F77 /* MockJokesServices.swift in Sources */,
				8613265B2550CA49006EC3BD /* JokesViewModelTests.swift in Sources */,
			);
			runOnlyForDeploymentPostprocessing = 0;
		};
/* End PBXSourcesBuildPhase section */

/* Begin PBXTargetDependency section */
		3B6B41D82426F65800C7F5AC /* PBXTargetDependency */ = {
			isa = PBXTargetDependency;
			target = 3B6B41BF2426F65500C7F5AC /* BadJokes */;
			targetProxy = 3B6B41D72426F65800C7F5AC /* PBXContainerItemProxy */;
		};
/* End PBXTargetDependency section */

/* Begin PBXVariantGroup section */
		3B6B41C92426F65500C7F5AC /* Main.storyboard */ = {
			isa = PBXVariantGroup;
			children = (
				3B6B41CA2426F65500C7F5AC /* Base */,
			);
			name = Main.storyboard;
			sourceTree = "<group>";
		};
		3B6B41CE2426F65700C7F5AC /* LaunchScreen.storyboard */ = {
			isa = PBXVariantGroup;
			children = (
				3B6B41CF2426F65700C7F5AC /* Base */,
			);
			name = LaunchScreen.storyboard;
			sourceTree = "<group>";
		};
/* End PBXVariantGroup section */

/* Begin XCBuildConfiguration section */
		3B6B41DD2426F65800C7F5AC /* Debug */ = {
			isa = XCBuildConfiguration;
			buildSettings = {
				ALWAYS_SEARCH_USER_PATHS = NO;
				CLANG_ANALYZER_NONNULL = YES;
				CLANG_ANALYZER_NUMBER_OBJECT_CONVERSION = YES_AGGRESSIVE;
				CLANG_CXX_LANGUAGE_STANDARD = "gnu++14";
				CLANG_CXX_LIBRARY = "libc++";
				CLANG_ENABLE_MODULES = YES;
				CLANG_ENABLE_OBJC_ARC = YES;
				CLANG_ENABLE_OBJC_WEAK = YES;
				CLANG_WARN_BLOCK_CAPTURE_AUTORELEASING = YES;
				CLANG_WARN_BOOL_CONVERSION = YES;
				CLANG_WARN_COMMA = YES;
				CLANG_WARN_CONSTANT_CONVERSION = YES;
				CLANG_WARN_DEPRECATED_OBJC_IMPLEMENTATIONS = YES;
				CLANG_WARN_DIRECT_OBJC_ISA_USAGE = YES_ERROR;
				CLANG_WARN_DOCUMENTATION_COMMENTS = YES;
				CLANG_WARN_EMPTY_BODY = YES;
				CLANG_WARN_ENUM_CONVERSION = YES;
				CLANG_WARN_INFINITE_RECURSION = YES;
				CLANG_WARN_INT_CONVERSION = YES;
				CLANG_WARN_NON_LITERAL_NULL_CONVERSION = YES;
				CLANG_WARN_OBJC_IMPLICIT_RETAIN_SELF = YES;
				CLANG_WARN_OBJC_LITERAL_CONVERSION = YES;
				CLANG_WARN_OBJC_ROOT_CLASS = YES_ERROR;
				CLANG_WARN_RANGE_LOOP_ANALYSIS = YES;
				CLANG_WARN_STRICT_PROTOTYPES = YES;
				CLANG_WARN_SUSPICIOUS_MOVE = YES;
				CLANG_WARN_UNGUARDED_AVAILABILITY = YES_AGGRESSIVE;
				CLANG_WARN_UNREACHABLE_CODE = YES;
				CLANG_WARN__DUPLICATE_METHOD_MATCH = YES;
				COPY_PHASE_STRIP = NO;
				DEBUG_INFORMATION_FORMAT = dwarf;
				ENABLE_STRICT_OBJC_MSGSEND = YES;
				ENABLE_TESTABILITY = YES;
				GCC_C_LANGUAGE_STANDARD = gnu11;
				GCC_DYNAMIC_NO_PIC = NO;
				GCC_NO_COMMON_BLOCKS = YES;
				GCC_OPTIMIZATION_LEVEL = 0;
				GCC_PREPROCESSOR_DEFINITIONS = (
					"DEBUG=1",
					"$(inherited)",
				);
				GCC_WARN_64_TO_32_BIT_CONVERSION = YES;
				GCC_WARN_ABOUT_RETURN_TYPE = YES_ERROR;
				GCC_WARN_UNDECLARED_SELECTOR = YES;
				GCC_WARN_UNINITIALIZED_AUTOS = YES_AGGRESSIVE;
				GCC_WARN_UNUSED_FUNCTION = YES;
				GCC_WARN_UNUSED_VARIABLE = YES;
				IPHONEOS_DEPLOYMENT_TARGET = 13.2;
				MTL_ENABLE_DEBUG_INFO = INCLUDE_SOURCE;
				MTL_FAST_MATH = YES;
				ONLY_ACTIVE_ARCH = YES;
				SDKROOT = iphoneos;
				SWIFT_ACTIVE_COMPILATION_CONDITIONS = DEBUG;
				SWIFT_OPTIMIZATION_LEVEL = "-Onone";
			};
			name = Debug;
		};
		3B6B41DE2426F65800C7F5AC /* Release */ = {
			isa = XCBuildConfiguration;
			buildSettings = {
				ALWAYS_SEARCH_USER_PATHS = NO;
				CLANG_ANALYZER_NONNULL = YES;
				CLANG_ANALYZER_NUMBER_OBJECT_CONVERSION = YES_AGGRESSIVE;
				CLANG_CXX_LANGUAGE_STANDARD = "gnu++14";
				CLANG_CXX_LIBRARY = "libc++";
				CLANG_ENABLE_MODULES = YES;
				CLANG_ENABLE_OBJC_ARC = YES;
				CLANG_ENABLE_OBJC_WEAK = YES;
				CLANG_WARN_BLOCK_CAPTURE_AUTORELEASING = YES;
				CLANG_WARN_BOOL_CONVERSION = YES;
				CLANG_WARN_COMMA = YES;
				CLANG_WARN_CONSTANT_CONVERSION = YES;
				CLANG_WARN_DEPRECATED_OBJC_IMPLEMENTATIONS = YES;
				CLANG_WARN_DIRECT_OBJC_ISA_USAGE = YES_ERROR;
				CLANG_WARN_DOCUMENTATION_COMMENTS = YES;
				CLANG_WARN_EMPTY_BODY = YES;
				CLANG_WARN_ENUM_CONVERSION = YES;
				CLANG_WARN_INFINITE_RECURSION = YES;
				CLANG_WARN_INT_CONVERSION = YES;
				CLANG_WARN_NON_LITERAL_NULL_CONVERSION = YES;
				CLANG_WARN_OBJC_IMPLICIT_RETAIN_SELF = YES;
				CLANG_WARN_OBJC_LITERAL_CONVERSION = YES;
				CLANG_WARN_OBJC_ROOT_CLASS = YES_ERROR;
				CLANG_WARN_RANGE_LOOP_ANALYSIS = YES;
				CLANG_WARN_STRICT_PROTOTYPES = YES;
				CLANG_WARN_SUSPICIOUS_MOVE = YES;
				CLANG_WARN_UNGUARDED_AVAILABILITY = YES_AGGRESSIVE;
				CLANG_WARN_UNREACHABLE_CODE = YES;
				CLANG_WARN__DUPLICATE_METHOD_MATCH = YES;
				COPY_PHASE_STRIP = NO;
				DEBUG_INFORMATION_FORMAT = "dwarf-with-dsym";
				ENABLE_NS_ASSERTIONS = NO;
				ENABLE_STRICT_OBJC_MSGSEND = YES;
				GCC_C_LANGUAGE_STANDARD = gnu11;
				GCC_NO_COMMON_BLOCKS = YES;
				GCC_WARN_64_TO_32_BIT_CONVERSION = YES;
				GCC_WARN_ABOUT_RETURN_TYPE = YES_ERROR;
				GCC_WARN_UNDECLARED_SELECTOR = YES;
				GCC_WARN_UNINITIALIZED_AUTOS = YES_AGGRESSIVE;
				GCC_WARN_UNUSED_FUNCTION = YES;
				GCC_WARN_UNUSED_VARIABLE = YES;
				IPHONEOS_DEPLOYMENT_TARGET = 13.2;
				MTL_ENABLE_DEBUG_INFO = NO;
				MTL_FAST_MATH = YES;
				SDKROOT = iphoneos;
				SWIFT_COMPILATION_MODE = wholemodule;
				SWIFT_OPTIMIZATION_LEVEL = "-O";
				VALIDATE_PRODUCT = YES;
			};
			name = Release;
		};
		3B6B41E02426F65800C7F5AC /* Debug */ = {
			isa = XCBuildConfiguration;
			baseConfigurationReference = EA46645201D56518E81BFE1D /* Pods-BadJokes.debug.xcconfig */;
			buildSettings = {
				ASSETCATALOG_COMPILER_APPICON_NAME = AppIcon;
				CODE_SIGN_STYLE = Automatic;
				DEVELOPMENT_TEAM = UMC7VWP5JF;
				INFOPLIST_FILE = BadJokes/Info.plist;
				LD_RUNPATH_SEARCH_PATHS = (
					"$(inherited)",
					"@executable_path/Frameworks",
				);
				PRODUCT_BUNDLE_IDENTIFIER = com.nino.BadJokes;
				PRODUCT_NAME = "$(TARGET_NAME)";
				SWIFT_VERSION = 5.0;
				TARGETED_DEVICE_FAMILY = "1,2";
			};
			name = Debug;
		};
		3B6B41E12426F65800C7F5AC /* Release */ = {
			isa = XCBuildConfiguration;
			baseConfigurationReference = E692CCD87CE5AC205A0B3036 /* Pods-BadJokes.release.xcconfig */;
			buildSettings = {
				ASSETCATALOG_COMPILER_APPICON_NAME = AppIcon;
				CODE_SIGN_STYLE = Automatic;
				DEVELOPMENT_TEAM = UMC7VWP5JF;
				INFOPLIST_FILE = BadJokes/Info.plist;
				LD_RUNPATH_SEARCH_PATHS = (
					"$(inherited)",
					"@executable_path/Frameworks",
				);
				PRODUCT_BUNDLE_IDENTIFIER = com.nino.BadJokes;
				PRODUCT_NAME = "$(TARGET_NAME)";
				SWIFT_VERSION = 5.0;
				TARGETED_DEVICE_FAMILY = "1,2";
			};
			name = Release;
		};
		3B6B41E32426F65800C7F5AC /* Debug */ = {
			isa = XCBuildConfiguration;
			buildSettings = {
				ALWAYS_EMBED_SWIFT_STANDARD_LIBRARIES = YES;
				BUNDLE_LOADER = "$(TEST_HOST)";
				CODE_SIGN_STYLE = Automatic;
				DEVELOPMENT_TEAM = UMC7VWP5JF;
				INFOPLIST_FILE = BadJokesTests/Info.plist;
				IPHONEOS_DEPLOYMENT_TARGET = 13.2;
				LD_RUNPATH_SEARCH_PATHS = (
					"$(inherited)",
					"@executable_path/Frameworks",
					"@loader_path/Frameworks",
				);
				PRODUCT_BUNDLE_IDENTIFIER = com.nino.BadJokesTests;
				PRODUCT_NAME = "$(TARGET_NAME)";
				SWIFT_VERSION = 5.0;
				TARGETED_DEVICE_FAMILY = "1,2";
				TEST_HOST = "$(BUILT_PRODUCTS_DIR)/BadJokes.app/BadJokes";
			};
			name = Debug;
		};
		3B6B41E42426F65800C7F5AC /* Release */ = {
			isa = XCBuildConfiguration;
			buildSettings = {
				ALWAYS_EMBED_SWIFT_STANDARD_LIBRARIES = YES;
				BUNDLE_LOADER = "$(TEST_HOST)";
				CODE_SIGN_STYLE = Automatic;
				DEVELOPMENT_TEAM = UMC7VWP5JF;
				INFOPLIST_FILE = BadJokesTests/Info.plist;
				IPHONEOS_DEPLOYMENT_TARGET = 13.2;
				LD_RUNPATH_SEARCH_PATHS = (
					"$(inherited)",
					"@executable_path/Frameworks",
					"@loader_path/Frameworks",
				);
				PRODUCT_BUNDLE_IDENTIFIER = com.nino.BadJokesTests;
				PRODUCT_NAME = "$(TARGET_NAME)";
				SWIFT_VERSION = 5.0;
				TARGETED_DEVICE_FAMILY = "1,2";
				TEST_HOST = "$(BUILT_PRODUCTS_DIR)/BadJokes.app/BadJokes";
			};
			name = Release;
		};
/* End XCBuildConfiguration section */

/* Begin XCConfigurationList section */
		3B6B41BB2426F65500C7F5AC /* Build configuration list for PBXProject "BadJokes" */ = {
			isa = XCConfigurationList;
			buildConfigurations = (
				3B6B41DD2426F65800C7F5AC /* Debug */,
				3B6B41DE2426F65800C7F5AC /* Release */,
			);
			defaultConfigurationIsVisible = 0;
			defaultConfigurationName = Release;
		};
		3B6B41DF2426F65800C7F5AC /* Build configuration list for PBXNativeTarget "BadJokes" */ = {
			isa = XCConfigurationList;
			buildConfigurations = (
				3B6B41E02426F65800C7F5AC /* Debug */,
				3B6B41E12426F65800C7F5AC /* Release */,
			);
			defaultConfigurationIsVisible = 0;
			defaultConfigurationName = Release;
		};
		3B6B41E22426F65800C7F5AC /* Build configuration list for PBXNativeTarget "BadJokesTests" */ = {
			isa = XCConfigurationList;
			buildConfigurations = (
				3B6B41E32426F65800C7F5AC /* Debug */,
				3B6B41E42426F65800C7F5AC /* Release */,
			);
			defaultConfigurationIsVisible = 0;
			defaultConfigurationName = Release;
		};
/* End XCConfigurationList section */
	};
	rootObject = 3B6B41B82426F65500C7F5AC /* Project object */;
}
